// !$*UTF8*$!
{
	archiveVersion = 1;
	classes = {
	};
	objectVersion = 50;
	objects = {

/* Begin PBXBuildFile section */
		FA0A6EDD26DFF5A700B9EFB0 /* OwnedCreatedCourses.swift in Sources */ = {isa = PBXBuildFile; fileRef = FA0A6EDC26DFF5A700B9EFB0 /* OwnedCreatedCourses.swift */; };
		FA6FC7A6276B90F50054B9AD /* UnitPage.swift in Sources */ = {isa = PBXBuildFile; fileRef = FA6FC7A5276B90F50054B9AD /* UnitPage.swift */; };
		FA6FC7A9276B91A20054B9AD /* SignInPage.swift in Sources */ = {isa = PBXBuildFile; fileRef = FA6FC7A8276B91A20054B9AD /* SignInPage.swift */; };
		FA6FC7AB276BACE40054B9AD /* User.swift in Sources */ = {isa = PBXBuildFile; fileRef = FA6FC7AA276BACE30054B9AD /* User.swift */; };
		FAA1F96B26DE8C420049340B /* AppDelegate.swift in Sources */ = {isa = PBXBuildFile; fileRef = FAA1F96A26DE8C420049340B /* AppDelegate.swift */; };
		FAA1F96D26DE8C420049340B /* SceneDelegate.swift in Sources */ = {isa = PBXBuildFile; fileRef = FAA1F96C26DE8C420049340B /* SceneDelegate.swift */; };
		FAA1F96F26DE8C420049340B /* HomePage.swift in Sources */ = {isa = PBXBuildFile; fileRef = FAA1F96E26DE8C420049340B /* HomePage.swift */; };
		FAA1F97226DE8C420049340B /* Main.storyboard in Resources */ = {isa = PBXBuildFile; fileRef = FAA1F97026DE8C420049340B /* Main.storyboard */; };
		FAA1F97426DE8C440049340B /* Assets.xcassets in Resources */ = {isa = PBXBuildFile; fileRef = FAA1F97326DE8C440049340B /* Assets.xcassets */; };
		FAA1F97726DE8C440049340B /* LaunchScreen.storyboard in Resources */ = {isa = PBXBuildFile; fileRef = FAA1F97526DE8C440049340B /* LaunchScreen.storyboard */; };
		FAA1F98226DE8C450049340B /* Open_Learning_Server_AppTests.swift in Sources */ = {isa = PBXBuildFile; fileRef = FAA1F98126DE8C450049340B /* Open_Learning_Server_AppTests.swift */; };
		FAA1F98D26DE8C450049340B /* Open_Learning_Server_AppUITests.swift in Sources */ = {isa = PBXBuildFile; fileRef = FAA1F98C26DE8C450049340B /* Open_Learning_Server_AppUITests.swift */; };
		FAC1C09E26DFB674004CC775 /* CourseListing.swift in Sources */ = {isa = PBXBuildFile; fileRef = FAC1C09D26DFB674004CC775 /* CourseListing.swift */; };
		FAC1C0A126DFB93D004CC775 /* Course.swift in Sources */ = {isa = PBXBuildFile; fileRef = FAC1C0A026DFB93D004CC775 /* Course.swift */; };
		FAC1C0A626DFBAAF004CC775 /* CourseCell.swift in Sources */ = {isa = PBXBuildFile; fileRef = FAC1C0A526DFBAAF004CC775 /* CourseCell.swift */; };
		FAC1C0A826DFC6F0004CC775 /* CoursePage.swift in Sources */ = {isa = PBXBuildFile; fileRef = FAC1C0A726DFC6F0004CC775 /* CoursePage.swift */; };
		FAC1C0AA26DFC8D3004CC775 /* UnitCell.swift in Sources */ = {isa = PBXBuildFile; fileRef = FAC1C0A926DFC8D3004CC775 /* UnitCell.swift */; };
		FAC1C0AC26DFCC3E004CC775 /* Enums.swift in Sources */ = {isa = PBXBuildFile; fileRef = FAC1C0AB26DFCC3E004CC775 /* Enums.swift */; };
		FAF8473F276CE809006035E8 /* LessonCell.swift in Sources */ = {isa = PBXBuildFile; fileRef = FAF8473E276CE809006035E8 /* LessonCell.swift */; };
		FAF84741276CEFB6006035E8 /* LessonPage.swift in Sources */ = {isa = PBXBuildFile; fileRef = FAF84740276CEFB6006035E8 /* LessonPage.swift */; };
		FAFD33FA276BC0BD00B56E8E /* CourseService.swift in Sources */ = {isa = PBXBuildFile; fileRef = FAFD33F9276BC0BD00B56E8E /* CourseService.swift */; };
/* End PBXBuildFile section */

/* Begin PBXContainerItemProxy section */
		FAA1F97E26DE8C450049340B /* PBXContainerItemProxy */ = {
			isa = PBXContainerItemProxy;
			containerPortal = FAA1F95F26DE8C420049340B /* Project object */;
			proxyType = 1;
			remoteGlobalIDString = FAA1F96626DE8C420049340B;
			remoteInfo = Open_Learning_Server_App;
		};
		FAA1F98926DE8C450049340B /* PBXContainerItemProxy */ = {
			isa = PBXContainerItemProxy;
			containerPortal = FAA1F95F26DE8C420049340B /* Project object */;
			proxyType = 1;
			remoteGlobalIDString = FAA1F96626DE8C420049340B;
			remoteInfo = Open_Learning_Server_App;
		};
/* End PBXContainerItemProxy section */

/* Begin PBXFileReference section */
		FA0A6EDC26DFF5A700B9EFB0 /* OwnedCreatedCourses.swift */ = {isa = PBXFileReference; lastKnownFileType = sourcecode.swift; path = OwnedCreatedCourses.swift; sourceTree = "<group>"; };
		FA6FC7A5276B90F50054B9AD /* UnitPage.swift */ = {isa = PBXFileReference; lastKnownFileType = sourcecode.swift; path = UnitPage.swift; sourceTree = "<group>"; };
		FA6FC7A8276B91A20054B9AD /* SignInPage.swift */ = {isa = PBXFileReference; lastKnownFileType = sourcecode.swift; path = SignInPage.swift; sourceTree = "<group>"; };
		FA6FC7AA276BACE30054B9AD /* User.swift */ = {isa = PBXFileReference; lastKnownFileType = sourcecode.swift; path = User.swift; sourceTree = "<group>"; };
		FAA1F96726DE8C420049340B /* Open_Learning_Server_App.app */ = {isa = PBXFileReference; explicitFileType = wrapper.application; includeInIndex = 0; path = Open_Learning_Server_App.app; sourceTree = BUILT_PRODUCTS_DIR; };
		FAA1F96A26DE8C420049340B /* AppDelegate.swift */ = {isa = PBXFileReference; lastKnownFileType = sourcecode.swift; path = AppDelegate.swift; sourceTree = "<group>"; };
		FAA1F96C26DE8C420049340B /* SceneDelegate.swift */ = {isa = PBXFileReference; lastKnownFileType = sourcecode.swift; path = SceneDelegate.swift; sourceTree = "<group>"; };
		FAA1F96E26DE8C420049340B /* HomePage.swift */ = {isa = PBXFileReference; lastKnownFileType = sourcecode.swift; path = HomePage.swift; sourceTree = "<group>"; };
		FAA1F97126DE8C420049340B /* Base */ = {isa = PBXFileReference; lastKnownFileType = file.storyboard; name = Base; path = Base.lproj/Main.storyboard; sourceTree = "<group>"; };
		FAA1F97326DE8C440049340B /* Assets.xcassets */ = {isa = PBXFileReference; lastKnownFileType = folder.assetcatalog; path = Assets.xcassets; sourceTree = "<group>"; };
		FAA1F97626DE8C440049340B /* Base */ = {isa = PBXFileReference; lastKnownFileType = file.storyboard; name = Base; path = Base.lproj/LaunchScreen.storyboard; sourceTree = "<group>"; };
		FAA1F97826DE8C440049340B /* Info.plist */ = {isa = PBXFileReference; lastKnownFileType = text.plist.xml; path = Info.plist; sourceTree = "<group>"; };
		FAA1F97D26DE8C450049340B /* Open_Learning_Server_AppTests.xctest */ = {isa = PBXFileReference; explicitFileType = wrapper.cfbundle; includeInIndex = 0; path = Open_Learning_Server_AppTests.xctest; sourceTree = BUILT_PRODUCTS_DIR; };
		FAA1F98126DE8C450049340B /* Open_Learning_Server_AppTests.swift */ = {isa = PBXFileReference; lastKnownFileType = sourcecode.swift; path = Open_Learning_Server_AppTests.swift; sourceTree = "<group>"; };
		FAA1F98326DE8C450049340B /* Info.plist */ = {isa = PBXFileReference; lastKnownFileType = text.plist.xml; path = Info.plist; sourceTree = "<group>"; };
		FAA1F98826DE8C450049340B /* Open_Learning_Server_AppUITests.xctest */ = {isa = PBXFileReference; explicitFileType = wrapper.cfbundle; includeInIndex = 0; path = Open_Learning_Server_AppUITests.xctest; sourceTree = BUILT_PRODUCTS_DIR; };
		FAA1F98C26DE8C450049340B /* Open_Learning_Server_AppUITests.swift */ = {isa = PBXFileReference; lastKnownFileType = sourcecode.swift; path = Open_Learning_Server_AppUITests.swift; sourceTree = "<group>"; };
		FAA1F98E26DE8C450049340B /* Info.plist */ = {isa = PBXFileReference; lastKnownFileType = text.plist.xml; path = Info.plist; sourceTree = "<group>"; };
		FAC1C09D26DFB674004CC775 /* CourseListing.swift */ = {isa = PBXFileReference; lastKnownFileType = sourcecode.swift; path = CourseListing.swift; sourceTree = "<group>"; };
		FAC1C0A026DFB93D004CC775 /* Course.swift */ = {isa = PBXFileReference; lastKnownFileType = sourcecode.swift; path = Course.swift; sourceTree = "<group>"; };
		FAC1C0A526DFBAAF004CC775 /* CourseCell.swift */ = {isa = PBXFileReference; lastKnownFileType = sourcecode.swift; path = CourseCell.swift; sourceTree = "<group>"; };
		FAC1C0A726DFC6F0004CC775 /* CoursePage.swift */ = {isa = PBXFileReference; lastKnownFileType = sourcecode.swift; path = CoursePage.swift; sourceTree = "<group>"; };
		FAC1C0A926DFC8D3004CC775 /* UnitCell.swift */ = {isa = PBXFileReference; lastKnownFileType = sourcecode.swift; path = UnitCell.swift; sourceTree = "<group>"; };
		FAC1C0AB26DFCC3E004CC775 /* Enums.swift */ = {isa = PBXFileReference; lastKnownFileType = sourcecode.swift; path = Enums.swift; sourceTree = "<group>"; };
		FAF8473E276CE809006035E8 /* LessonCell.swift */ = {isa = PBXFileReference; lastKnownFileType = sourcecode.swift; path = LessonCell.swift; sourceTree = "<group>"; };
		FAF84740276CEFB6006035E8 /* LessonPage.swift */ = {isa = PBXFileReference; lastKnownFileType = sourcecode.swift; path = LessonPage.swift; sourceTree = "<group>"; };
		FAFD33F9276BC0BD00B56E8E /* CourseService.swift */ = {isa = PBXFileReference; lastKnownFileType = sourcecode.swift; path = CourseService.swift; sourceTree = "<group>"; };
/* End PBXFileReference section */

/* Begin PBXFrameworksBuildPhase section */
		FAA1F96426DE8C420049340B /* Frameworks */ = {
			isa = PBXFrameworksBuildPhase;
			buildActionMask = 2147483647;
			files = (
			);
			runOnlyForDeploymentPostprocessing = 0;
		};
		FAA1F97A26DE8C450049340B /* Frameworks */ = {
			isa = PBXFrameworksBuildPhase;
			buildActionMask = 2147483647;
			files = (
			);
			runOnlyForDeploymentPostprocessing = 0;
		};
		FAA1F98526DE8C450049340B /* Frameworks */ = {
			isa = PBXFrameworksBuildPhase;
			buildActionMask = 2147483647;
			files = (
			);
			runOnlyForDeploymentPostprocessing = 0;
		};
/* End PBXFrameworksBuildPhase section */

/* Begin PBXGroup section */
		FA6FC7A4276B90280054B9AD /* CourseControllers */ = {
			isa = PBXGroup;
			children = (
				FAC1C09D26DFB674004CC775 /* CourseListing.swift */,
				FAC1C0A726DFC6F0004CC775 /* CoursePage.swift */,
				FA6FC7A5276B90F50054B9AD /* UnitPage.swift */,
				FAF84740276CEFB6006035E8 /* LessonPage.swift */,
			);
			path = CourseControllers;
			sourceTree = "<group>";
		};
		FA6FC7A7276B917F0054B9AD /* UserControllers */ = {
			isa = PBXGroup;
			children = (
				FA0A6EDC26DFF5A700B9EFB0 /* OwnedCreatedCourses.swift */,
				FA6FC7A8276B91A20054B9AD /* SignInPage.swift */,
			);
			path = UserControllers;
			sourceTree = "<group>";
		};
		FAA1F95E26DE8C420049340B = {
			isa = PBXGroup;
			children = (
				FAA1F96926DE8C420049340B /* Open_Learning_Server_App */,
				FAA1F98026DE8C450049340B /* Open_Learning_Server_AppTests */,
				FAA1F98B26DE8C450049340B /* Open_Learning_Server_AppUITests */,
				FAA1F96826DE8C420049340B /* Products */,
			);
			sourceTree = "<group>";
		};
		FAA1F96826DE8C420049340B /* Products */ = {
			isa = PBXGroup;
			children = (
				FAA1F96726DE8C420049340B /* Open_Learning_Server_App.app */,
				FAA1F97D26DE8C450049340B /* Open_Learning_Server_AppTests.xctest */,
				FAA1F98826DE8C450049340B /* Open_Learning_Server_AppUITests.xctest */,
			);
			name = Products;
			sourceTree = "<group>";
		};
		FAA1F96926DE8C420049340B /* Open_Learning_Server_App */ = {
			isa = PBXGroup;
			children = (
				FAFD33F8276BC0AA00B56E8E /* Services */,
				FAC1C0A226DFBA68004CC775 /* Cells */,
				FAC1C09F26DFB92F004CC775 /* Model */,
				FAC1C09C26DFB650004CC775 /* View Controllers */,
				FAA1F96A26DE8C420049340B /* AppDelegate.swift */,
				FAA1F96C26DE8C420049340B /* SceneDelegate.swift */,
				FAA1F97026DE8C420049340B /* Main.storyboard */,
				FAA1F97326DE8C440049340B /* Assets.xcassets */,
				FAA1F97526DE8C440049340B /* LaunchScreen.storyboard */,
				FAA1F97826DE8C440049340B /* Info.plist */,
			);
			path = Open_Learning_Server_App;
			sourceTree = "<group>";
		};
		FAA1F98026DE8C450049340B /* Open_Learning_Server_AppTests */ = {
			isa = PBXGroup;
			children = (
				FAA1F98126DE8C450049340B /* Open_Learning_Server_AppTests.swift */,
				FAA1F98326DE8C450049340B /* Info.plist */,
			);
			path = Open_Learning_Server_AppTests;
			sourceTree = "<group>";
		};
		FAA1F98B26DE8C450049340B /* Open_Learning_Server_AppUITests */ = {
			isa = PBXGroup;
			children = (
				FAA1F98C26DE8C450049340B /* Open_Learning_Server_AppUITests.swift */,
				FAA1F98E26DE8C450049340B /* Info.plist */,
			);
			path = Open_Learning_Server_AppUITests;
			sourceTree = "<group>";
		};
		FAC1C09C26DFB650004CC775 /* View Controllers */ = {
			isa = PBXGroup;
			children = (
				FA6FC7A7276B917F0054B9AD /* UserControllers */,
				FA6FC7A4276B90280054B9AD /* CourseControllers */,
				FAA1F96E26DE8C420049340B /* HomePage.swift */,
			);
			path = "View Controllers";
			sourceTree = "<group>";
		};
		FAC1C09F26DFB92F004CC775 /* Model */ = {
			isa = PBXGroup;
			children = (
				FAC1C0A026DFB93D004CC775 /* Course.swift */,
				FAC1C0AB26DFCC3E004CC775 /* Enums.swift */,
				FA6FC7AA276BACE30054B9AD /* User.swift */,
			);
			path = Model;
			sourceTree = "<group>";
		};
		FAC1C0A226DFBA68004CC775 /* Cells */ = {
			isa = PBXGroup;
			children = (
				FAC1C0A526DFBAAF004CC775 /* CourseCell.swift */,
				FAC1C0A926DFC8D3004CC775 /* UnitCell.swift */,
				FAF8473E276CE809006035E8 /* LessonCell.swift */,
			);
			path = Cells;
			sourceTree = "<group>";
		};
		FAFD33F8276BC0AA00B56E8E /* Services */ = {
			isa = PBXGroup;
			children = (
				FAFD33F9276BC0BD00B56E8E /* CourseService.swift */,
			);
			path = Services;
			sourceTree = "<group>";
		};
/* End PBXGroup section */

/* Begin PBXNativeTarget section */
		FAA1F96626DE8C420049340B /* Open_Learning_Server_App */ = {
			isa = PBXNativeTarget;
			buildConfigurationList = FAA1F99126DE8C450049340B /* Build configuration list for PBXNativeTarget "Open_Learning_Server_App" */;
			buildPhases = (
				FAA1F96326DE8C420049340B /* Sources */,
				FAA1F96426DE8C420049340B /* Frameworks */,
				FAA1F96526DE8C420049340B /* Resources */,
			);
			buildRules = (
			);
			dependencies = (
			);
			name = Open_Learning_Server_App;
			productName = Open_Learning_Server_App;
			productReference = FAA1F96726DE8C420049340B /* Open_Learning_Server_App.app */;
			productType = "com.apple.product-type.application";
		};
		FAA1F97C26DE8C450049340B /* Open_Learning_Server_AppTests */ = {
			isa = PBXNativeTarget;
			buildConfigurationList = FAA1F99426DE8C450049340B /* Build configuration list for PBXNativeTarget "Open_Learning_Server_AppTests" */;
			buildPhases = (
				FAA1F97926DE8C450049340B /* Sources */,
				FAA1F97A26DE8C450049340B /* Frameworks */,
				FAA1F97B26DE8C450049340B /* Resources */,
			);
			buildRules = (
			);
			dependencies = (
				FAA1F97F26DE8C450049340B /* PBXTargetDependency */,
			);
			name = Open_Learning_Server_AppTests;
			productName = Open_Learning_Server_AppTests;
			productReference = FAA1F97D26DE8C450049340B /* Open_Learning_Server_AppTests.xctest */;
			productType = "com.apple.product-type.bundle.unit-test";
		};
		FAA1F98726DE8C450049340B /* Open_Learning_Server_AppUITests */ = {
			isa = PBXNativeTarget;
			buildConfigurationList = FAA1F99726DE8C450049340B /* Build configuration list for PBXNativeTarget "Open_Learning_Server_AppUITests" */;
			buildPhases = (
				FAA1F98426DE8C450049340B /* Sources */,
				FAA1F98526DE8C450049340B /* Frameworks */,
				FAA1F98626DE8C450049340B /* Resources */,
			);
			buildRules = (
			);
			dependencies = (
				FAA1F98A26DE8C450049340B /* PBXTargetDependency */,
			);
			name = Open_Learning_Server_AppUITests;
			productName = Open_Learning_Server_AppUITests;
			productReference = FAA1F98826DE8C450049340B /* Open_Learning_Server_AppUITests.xctest */;
			productType = "com.apple.product-type.bundle.ui-testing";
		};
/* End PBXNativeTarget section */

/* Begin PBXProject section */
		FAA1F95F26DE8C420049340B /* Project object */ = {
			isa = PBXProject;
			attributes = {
				LastSwiftUpdateCheck = 1250;
				LastUpgradeCheck = 1250;
				TargetAttributes = {
					FAA1F96626DE8C420049340B = {
						CreatedOnToolsVersion = 12.5.1;
					};
					FAA1F97C26DE8C450049340B = {
						CreatedOnToolsVersion = 12.5.1;
						TestTargetID = FAA1F96626DE8C420049340B;
					};
					FAA1F98726DE8C450049340B = {
						CreatedOnToolsVersion = 12.5.1;
						TestTargetID = FAA1F96626DE8C420049340B;
					};
				};
			};
			buildConfigurationList = FAA1F96226DE8C420049340B /* Build configuration list for PBXProject "Open_Learning_Server_App" */;
			compatibilityVersion = "Xcode 9.3";
			developmentRegion = en;
			hasScannedForEncodings = 0;
			knownRegions = (
				en,
				Base,
			);
			mainGroup = FAA1F95E26DE8C420049340B;
			productRefGroup = FAA1F96826DE8C420049340B /* Products */;
			projectDirPath = "";
			projectRoot = "";
			targets = (
				FAA1F96626DE8C420049340B /* Open_Learning_Server_App */,
				FAA1F97C26DE8C450049340B /* Open_Learning_Server_AppTests */,
				FAA1F98726DE8C450049340B /* Open_Learning_Server_AppUITests */,
			);
		};
/* End PBXProject section */

/* Begin PBXResourcesBuildPhase section */
		FAA1F96526DE8C420049340B /* Resources */ = {
			isa = PBXResourcesBuildPhase;
			buildActionMask = 2147483647;
			files = (
				FAA1F97726DE8C440049340B /* LaunchScreen.storyboard in Resources */,
				FAA1F97426DE8C440049340B /* Assets.xcassets in Resources */,
				FAA1F97226DE8C420049340B /* Main.storyboard in Resources */,
			);
			runOnlyForDeploymentPostprocessing = 0;
		};
		FAA1F97B26DE8C450049340B /* Resources */ = {
			isa = PBXResourcesBuildPhase;
			buildActionMask = 2147483647;
			files = (
			);
			runOnlyForDeploymentPostprocessing = 0;
		};
		FAA1F98626DE8C450049340B /* Resources */ = {
			isa = PBXResourcesBuildPhase;
			buildActionMask = 2147483647;
			files = (
			);
			runOnlyForDeploymentPostprocessing = 0;
		};
/* End PBXResourcesBuildPhase section */

/* Begin PBXSourcesBuildPhase section */
		FAA1F96326DE8C420049340B /* Sources */ = {
			isa = PBXSourcesBuildPhase;
			buildActionMask = 2147483647;
			files = (
				FA6FC7AB276BACE40054B9AD /* User.swift in Sources */,
				FAC1C0A626DFBAAF004CC775 /* CourseCell.swift in Sources */,
				FAFD33FA276BC0BD00B56E8E /* CourseService.swift in Sources */,
				FAA1F96F26DE8C420049340B /* HomePage.swift in Sources */,
				FAC1C09E26DFB674004CC775 /* CourseListing.swift in Sources */,
				FA0A6EDD26DFF5A700B9EFB0 /* OwnedCreatedCourses.swift in Sources */,
				FAC1C0A126DFB93D004CC775 /* Course.swift in Sources */,
				FA6FC7A6276B90F50054B9AD /* UnitPage.swift in Sources */,
				FAC1C0A826DFC6F0004CC775 /* CoursePage.swift in Sources */,
				FAA1F96B26DE8C420049340B /* AppDelegate.swift in Sources */,
				FA6FC7A9276B91A20054B9AD /* SignInPage.swift in Sources */,
				FAA1F96D26DE8C420049340B /* SceneDelegate.swift in Sources */,
				FAF84741276CEFB6006035E8 /* LessonPage.swift in Sources */,
				FAC1C0AC26DFCC3E004CC775 /* Enums.swift in Sources */,
				FAF8473F276CE809006035E8 /* LessonCell.swift in Sources */,
				FAC1C0AA26DFC8D3004CC775 /* UnitCell.swift in Sources */,
			);
			runOnlyForDeploymentPostprocessing = 0;
		};
		FAA1F97926DE8C450049340B /* Sources */ = {
			isa = PBXSourcesBuildPhase;
			buildActionMask = 2147483647;
			files = (
				FAA1F98226DE8C450049340B /* Open_Learning_Server_AppTests.swift in Sources */,
			);
			runOnlyForDeploymentPostprocessing = 0;
		};
		FAA1F98426DE8C450049340B /* Sources */ = {
			isa = PBXSourcesBuildPhase;
			buildActionMask = 2147483647;
			files = (
				FAA1F98D26DE8C450049340B /* Open_Learning_Server_AppUITests.swift in Sources */,
			);
			runOnlyForDeploymentPostprocessing = 0;
		};
/* End PBXSourcesBuildPhase section */

/* Begin PBXTargetDependency section */
		FAA1F97F26DE8C450049340B /* PBXTargetDependency */ = {
			isa = PBXTargetDependency;
			target = FAA1F96626DE8C420049340B /* Open_Learning_Server_App */;
			targetProxy = FAA1F97E26DE8C450049340B /* PBXContainerItemProxy */;
		};
		FAA1F98A26DE8C450049340B /* PBXTargetDependency */ = {
			isa = PBXTargetDependency;
			target = FAA1F96626DE8C420049340B /* Open_Learning_Server_App */;
			targetProxy = FAA1F98926DE8C450049340B /* PBXContainerItemProxy */;
		};
/* End PBXTargetDependency section */

/* Begin PBXVariantGroup section */
		FAA1F97026DE8C420049340B /* Main.storyboard */ = {
			isa = PBXVariantGroup;
			children = (
				FAA1F97126DE8C420049340B /* Base */,
			);
			name = Main.storyboard;
			sourceTree = "<group>";
		};
		FAA1F97526DE8C440049340B /* LaunchScreen.storyboard */ = {
			isa = PBXVariantGroup;
			children = (
				FAA1F97626DE8C440049340B /* Base */,
			);
			name = LaunchScreen.storyboard;
			sourceTree = "<group>";
		};
/* End PBXVariantGroup section */

/* Begin XCBuildConfiguration section */
		FAA1F98F26DE8C450049340B /* Debug */ = {
			isa = XCBuildConfiguration;
			buildSettings = {
				ALWAYS_SEARCH_USER_PATHS = NO;
				CLANG_ANALYZER_NONNULL = YES;
				CLANG_ANALYZER_NUMBER_OBJECT_CONVERSION = YES_AGGRESSIVE;
				CLANG_CXX_LANGUAGE_STANDARD = "gnu++14";
				CLANG_CXX_LIBRARY = "libc++";
				CLANG_ENABLE_MODULES = YES;
				CLANG_ENABLE_OBJC_ARC = YES;
				CLANG_ENABLE_OBJC_WEAK = YES;
				CLANG_WARN_BLOCK_CAPTURE_AUTORELEASING = YES;
				CLANG_WARN_BOOL_CONVERSION = YES;
				CLANG_WARN_COMMA = YES;
				CLANG_WARN_CONSTANT_CONVERSION = YES;
				CLANG_WARN_DEPRECATED_OBJC_IMPLEMENTATIONS = YES;
				CLANG_WARN_DIRECT_OBJC_ISA_USAGE = YES_ERROR;
				CLANG_WARN_DOCUMENTATION_COMMENTS = YES;
				CLANG_WARN_EMPTY_BODY = YES;
				CLANG_WARN_ENUM_CONVERSION = YES;
				CLANG_WARN_INFINITE_RECURSION = YES;
				CLANG_WARN_INT_CONVERSION = YES;
				CLANG_WARN_NON_LITERAL_NULL_CONVERSION = YES;
				CLANG_WARN_OBJC_IMPLICIT_RETAIN_SELF = YES;
				CLANG_WARN_OBJC_LITERAL_CONVERSION = YES;
				CLANG_WARN_OBJC_ROOT_CLASS = YES_ERROR;
				CLANG_WARN_QUOTED_INCLUDE_IN_FRAMEWORK_HEADER = YES;
				CLANG_WARN_RANGE_LOOP_ANALYSIS = YES;
				CLANG_WARN_STRICT_PROTOTYPES = YES;
				CLANG_WARN_SUSPICIOUS_MOVE = YES;
				CLANG_WARN_UNGUARDED_AVAILABILITY = YES_AGGRESSIVE;
				CLANG_WARN_UNREACHABLE_CODE = YES;
				CLANG_WARN__DUPLICATE_METHOD_MATCH = YES;
				COPY_PHASE_STRIP = NO;
				DEBUG_INFORMATION_FORMAT = dwarf;
				ENABLE_STRICT_OBJC_MSGSEND = YES;
				ENABLE_TESTABILITY = YES;
				GCC_C_LANGUAGE_STANDARD = gnu11;
				GCC_DYNAMIC_NO_PIC = NO;
				GCC_NO_COMMON_BLOCKS = YES;
				GCC_OPTIMIZATION_LEVEL = 0;
				GCC_PREPROCESSOR_DEFINITIONS = (
					"DEBUG=1",
					"$(inherited)",
				);
				GCC_WARN_64_TO_32_BIT_CONVERSION = YES;
				GCC_WARN_ABOUT_RETURN_TYPE = YES_ERROR;
				GCC_WARN_UNDECLARED_SELECTOR = YES;
				GCC_WARN_UNINITIALIZED_AUTOS = YES_AGGRESSIVE;
				GCC_WARN_UNUSED_FUNCTION = YES;
				GCC_WARN_UNUSED_VARIABLE = YES;
				IPHONEOS_DEPLOYMENT_TARGET = 14.5;
				MTL_ENABLE_DEBUG_INFO = INCLUDE_SOURCE;
				MTL_FAST_MATH = YES;
				ONLY_ACTIVE_ARCH = YES;
				SDKROOT = iphoneos;
				SWIFT_ACTIVE_COMPILATION_CONDITIONS = DEBUG;
				SWIFT_OPTIMIZATION_LEVEL = "-Onone";
			};
			name = Debug;
		};
		FAA1F99026DE8C450049340B /* Release */ = {
			isa = XCBuildConfiguration;
			buildSettings = {
				ALWAYS_SEARCH_USER_PATHS = NO;
				CLANG_ANALYZER_NONNULL = YES;
				CLANG_ANALYZER_NUMBER_OBJECT_CONVERSION = YES_AGGRESSIVE;
				CLANG_CXX_LANGUAGE_STANDARD = "gnu++14";
				CLANG_CXX_LIBRARY = "libc++";
				CLANG_ENABLE_MODULES = YES;
				CLANG_ENABLE_OBJC_ARC = YES;
				CLANG_ENABLE_OBJC_WEAK = YES;
				CLANG_WARN_BLOCK_CAPTURE_AUTORELEASING = YES;
				CLANG_WARN_BOOL_CONVERSION = YES;
				CLANG_WARN_COMMA = YES;
				CLANG_WARN_CONSTANT_CONVERSION = YES;
				CLANG_WARN_DEPRECATED_OBJC_IMPLEMENTATIONS = YES;
				CLANG_WARN_DIRECT_OBJC_ISA_USAGE = YES_ERROR;
				CLANG_WARN_DOCUMENTATION_COMMENTS = YES;
				CLANG_WARN_EMPTY_BODY = YES;
				CLANG_WARN_ENUM_CONVERSION = YES;
				CLANG_WARN_INFINITE_RECURSION = YES;
				CLANG_WARN_INT_CONVERSION = YES;
				CLANG_WARN_NON_LITERAL_NULL_CONVERSION = YES;
				CLANG_WARN_OBJC_IMPLICIT_RETAIN_SELF = YES;
				CLANG_WARN_OBJC_LITERAL_CONVERSION = YES;
				CLANG_WARN_OBJC_ROOT_CLASS = YES_ERROR;
				CLANG_WARN_QUOTED_INCLUDE_IN_FRAMEWORK_HEADER = YES;
				CLANG_WARN_RANGE_LOOP_ANALYSIS = YES;
				CLANG_WARN_STRICT_PROTOTYPES = YES;
				CLANG_WARN_SUSPICIOUS_MOVE = YES;
				CLANG_WARN_UNGUARDED_AVAILABILITY = YES_AGGRESSIVE;
				CLANG_WARN_UNREACHABLE_CODE = YES;
				CLANG_WARN__DUPLICATE_METHOD_MATCH = YES;
				COPY_PHASE_STRIP = NO;
				DEBUG_INFORMATION_FORMAT = "dwarf-with-dsym";
				ENABLE_NS_ASSERTIONS = NO;
				ENABLE_STRICT_OBJC_MSGSEND = YES;
				GCC_C_LANGUAGE_STANDARD = gnu11;
				GCC_NO_COMMON_BLOCKS = YES;
				GCC_WARN_64_TO_32_BIT_CONVERSION = YES;
				GCC_WARN_ABOUT_RETURN_TYPE = YES_ERROR;
				GCC_WARN_UNDECLARED_SELECTOR = YES;
				GCC_WARN_UNINITIALIZED_AUTOS = YES_AGGRESSIVE;
				GCC_WARN_UNUSED_FUNCTION = YES;
				GCC_WARN_UNUSED_VARIABLE = YES;
				IPHONEOS_DEPLOYMENT_TARGET = 14.5;
				MTL_ENABLE_DEBUG_INFO = NO;
				MTL_FAST_MATH = YES;
				SDKROOT = iphoneos;
				SWIFT_COMPILATION_MODE = wholemodule;
				SWIFT_OPTIMIZATION_LEVEL = "-O";
				VALIDATE_PRODUCT = YES;
			};
			name = Release;
		};
		FAA1F99226DE8C450049340B /* Debug */ = {
			isa = XCBuildConfiguration;
			buildSettings = {
				ASSETCATALOG_COMPILER_APPICON_NAME = AppIcon;
				ASSETCATALOG_COMPILER_GLOBAL_ACCENT_COLOR_NAME = AccentColor;
				CODE_SIGN_STYLE = Automatic;
				DEVELOPMENT_TEAM = 9N4RJGSN27;
				INFOPLIST_FILE = Open_Learning_Server_App/Info.plist;
				LD_RUNPATH_SEARCH_PATHS = (
					"$(inherited)",
					"@executable_path/Frameworks",
				);
				PRODUCT_BUNDLE_IDENTIFIER = "dads-project-sugesstions.Open-Learning-Server-App";
				PRODUCT_NAME = "$(TARGET_NAME)";
				SWIFT_VERSION = 5.0;
				TARGETED_DEVICE_FAMILY = "1,2";
			};
			name = Debug;
		};
		FAA1F99326DE8C450049340B /* Release */ = {
			isa = XCBuildConfiguration;
			buildSettings = {
				ASSETCATALOG_COMPILER_APPICON_NAME = AppIcon;
				ASSETCATALOG_COMPILER_GLOBAL_ACCENT_COLOR_NAME = AccentColor;
				CODE_SIGN_STYLE = Automatic;
				DEVELOPMENT_TEAM = 9N4RJGSN27;
				INFOPLIST_FILE = Open_Learning_Server_App/Info.plist;
				LD_RUNPATH_SEARCH_PATHS = (
					"$(inherited)",
					"@executable_path/Frameworks",
				);
				PRODUCT_BUNDLE_IDENTIFIER = "dads-project-sugesstions.Open-Learning-Server-App";
				PRODUCT_NAME = "$(TARGET_NAME)";
				SWIFT_VERSION = 5.0;
				TARGETED_DEVICE_FAMILY = "1,2";
			};
			name = Release;
		};
		FAA1F99526DE8C450049340B /* Debug */ = {
			isa = XCBuildConfiguration;
			buildSettings = {
				ALWAYS_EMBED_SWIFT_STANDARD_LIBRARIES = YES;
				BUNDLE_LOADER = "$(TEST_HOST)";
				CODE_SIGN_STYLE = Automatic;
				DEVELOPMENT_TEAM = 9N4RJGSN27;
				INFOPLIST_FILE = Open_Learning_Server_AppTests/Info.plist;
				IPHONEOS_DEPLOYMENT_TARGET = 14.5;
				LD_RUNPATH_SEARCH_PATHS = (
					"$(inherited)",
					"@executable_path/Frameworks",
					"@loader_path/Frameworks",
				);
				PRODUCT_BUNDLE_IDENTIFIER = "dads-project-sugesstions.Open-Learning-Server-AppTests";
				PRODUCT_NAME = "$(TARGET_NAME)";
				SWIFT_VERSION = 5.0;
				TARGETED_DEVICE_FAMILY = "1,2";
				TEST_HOST = "$(BUILT_PRODUCTS_DIR)/Open_Learning_Server_App.app/Open_Learning_Server_App";
			};
			name = Debug;
		};
		FAA1F99626DE8C450049340B /* Release */ = {
			isa = XCBuildConfiguration;
			buildSettings = {
				ALWAYS_EMBED_SWIFT_STANDARD_LIBRARIES = YES;
				BUNDLE_LOADER = "$(TEST_HOST)";
				CODE_SIGN_STYLE = Automatic;
				DEVELOPMENT_TEAM = 9N4RJGSN27;
				INFOPLIST_FILE = Open_Learning_Server_AppTests/Info.plist;
				IPHONEOS_DEPLOYMENT_TARGET = 14.5;
				LD_RUNPATH_SEARCH_PATHS = (
					"$(inherited)",
					"@executable_path/Frameworks",
					"@loader_path/Frameworks",
				);
				PRODUCT_BUNDLE_IDENTIFIER = "dads-project-sugesstions.Open-Learning-Server-AppTests";
				PRODUCT_NAME = "$(TARGET_NAME)";
				SWIFT_VERSION = 5.0;
				TARGETED_DEVICE_FAMILY = "1,2";
				TEST_HOST = "$(BUILT_PRODUCTS_DIR)/Open_Learning_Server_App.app/Open_Learning_Server_App";
			};
			name = Release;
		};
		FAA1F99826DE8C450049340B /* Debug */ = {
			isa = XCBuildConfiguration;
			buildSettings = {
				ALWAYS_EMBED_SWIFT_STANDARD_LIBRARIES = YES;
				CODE_SIGN_STYLE = Automatic;
				DEVELOPMENT_TEAM = 9N4RJGSN27;
				INFOPLIST_FILE = Open_Learning_Server_AppUITests/Info.plist;
				LD_RUNPATH_SEARCH_PATHS = (
					"$(inherited)",
					"@executable_path/Frameworks",
					"@loader_path/Frameworks",
				);
				PRODUCT_BUNDLE_IDENTIFIER = "dads-project-sugesstions.Open-Learning-Server-AppUITests";
				PRODUCT_NAME = "$(TARGET_NAME)";
				SWIFT_VERSION = 5.0;
				TARGETED_DEVICE_FAMILY = "1,2";
				TEST_TARGET_NAME = Open_Learning_Server_App;
			};
			name = Debug;
		};
		FAA1F99926DE8C450049340B /* Release */ = {
			isa = XCBuildConfiguration;
			buildSettings = {
				ALWAYS_EMBED_SWIFT_STANDARD_LIBRARIES = YES;
				CODE_SIGN_STYLE = Automatic;
				DEVELOPMENT_TEAM = 9N4RJGSN27;
				INFOPLIST_FILE = Open_Learning_Server_AppUITests/Info.plist;
				LD_RUNPATH_SEARCH_PATHS = (
					"$(inherited)",
					"@executable_path/Frameworks",
					"@loader_path/Frameworks",
				);
				PRODUCT_BUNDLE_IDENTIFIER = "dads-project-sugesstions.Open-Learning-Server-AppUITests";
				PRODUCT_NAME = "$(TARGET_NAME)";
				SWIFT_VERSION = 5.0;
				TARGETED_DEVICE_FAMILY = "1,2";
				TEST_TARGET_NAME = Open_Learning_Server_App;
			};
			name = Release;
		};
/* End XCBuildConfiguration section */

/* Begin XCConfigurationList section */
		FAA1F96226DE8C420049340B /* Build configuration list for PBXProject "Open_Learning_Server_App" */ = {
			isa = XCConfigurationList;
			buildConfigurations = (
				FAA1F98F26DE8C450049340B /* Debug */,
				FAA1F99026DE8C450049340B /* Release */,
			);
			defaultConfigurationIsVisible = 0;
			defaultConfigurationName = Release;
		};
		FAA1F99126DE8C450049340B /* Build configuration list for PBXNativeTarget "Open_Learning_Server_App" */ = {
			isa = XCConfigurationList;
			buildConfigurations = (
				FAA1F99226DE8C450049340B /* Debug */,
				FAA1F99326DE8C450049340B /* Release */,
			);
			defaultConfigurationIsVisible = 0;
			defaultConfigurationName = Release;
		};
		FAA1F99426DE8C450049340B /* Build configuration list for PBXNativeTarget "Open_Learning_Server_AppTests" */ = {
			isa = XCConfigurationList;
			buildConfigurations = (
				FAA1F99526DE8C450049340B /* Debug */,
				FAA1F99626DE8C450049340B /* Release */,
			);
			defaultConfigurationIsVisible = 0;
			defaultConfigurationName = Release;
		};
		FAA1F99726DE8C450049340B /* Build configuration list for PBXNativeTarget "Open_Learning_Server_AppUITests" */ = {
			isa = XCConfigurationList;
			buildConfigurations = (
				FAA1F99826DE8C450049340B /* Debug */,
				FAA1F99926DE8C450049340B /* Release */,
			);
			defaultConfigurationIsVisible = 0;
			defaultConfigurationName = Release;
		};
/* End XCConfigurationList section */
	};
	rootObject = FAA1F95F26DE8C420049340B /* Project object */;
}
